
Microsoft Visual Studio Solution File, Format Version 12.00
# Visual Studio Version 16
VisualStudioVersion = 25.0.1706.7
MinimumVisualStudioVersion = 10.0.40219.1
Project("{FAE04EC0-301F-11D3-BF4B-00C04F79EFBC}") = "fluffy-api", "fluffy-api\fluffy-api.csproj", "{F7389262-5511-41DA-8584-5420A036561F}"
EndProject
Global
	GlobalSection(SolutionConfigurationPlatforms) = preSolution
		Debug|Any CPU = Debug|Any CPU
		Release|Any CPU = Release|Any CPU
	EndGlobalSection
	GlobalSection(ProjectConfigurationPlatforms) = postSolution
		{F7389262-5511-41DA-8584-5420A036561F}.Debug|Any CPU.ActiveCfg = Debug|Any CPU
		{F7389262-5511-41DA-8584-5420A036561F}.Debug|Any CPU.Build.0 = Debug|Any CPU
		{F7389262-5511-41DA-8584-5420A036561F}.Release|Any CPU.ActiveCfg = Release|Any CPU
		{F7389262-5511-41DA-8584-5420A036561F}.Release|Any CPU.Build.0 = Release|Any CPU
	EndGlobalSection
	GlobalSection(SolutionProperties) = preSolution
		HideSolutionNode = FALSE
	EndGlobalSection
	GlobalSection(ExtensibilityGlobals) = postSolution
		SolutionGuid = {DAE7C145-A780-48B7-A679-5E5FF45C32F5}
	EndGlobalSection
EndGlobal
